
Microsoft Visual Studio Solution File, Format Version 12.00
# Visual Studio Version 16
VisualStudioVersion = 16.0.31729.503
MinimumVisualStudioVersion = 10.0.40219.1
Project("{FAE04EC0-301F-11D3-BF4B-00C04F79EFBC}") = "VenCYE", "VenCYE\VenCYE.csproj", "{F94AEC1E-873E-4D57-B4F2-AF8618F55820}"
EndProject
Global
	GlobalSection(SolutionConfigurationPlatforms) = preSolution
		Debug|Any CPU = Debug|Any CPU
		Release|Any CPU = Release|Any CPU
	EndGlobalSection
	GlobalSection(ProjectConfigurationPlatforms) = postSolution
		{F94AEC1E-873E-4D57-B4F2-AF8618F55820}.Debug|Any CPU.ActiveCfg = Debug|Any CPU
		{F94AEC1E-873E-4D57-B4F2-AF8618F55820}.Debug|Any CPU.Build.0 = Debug|Any CPU
		{F94AEC1E-873E-4D57-B4F2-AF8618F55820}.Release|Any CPU.ActiveCfg = Release|Any CPU
		{F94AEC1E-873E-4D57-B4F2-AF8618F55820}.Release|Any CPU.Build.0 = Release|Any CPU
	EndGlobalSection
	GlobalSection(SolutionProperties) = preSolution
		HideSolutionNode = FALSE
	EndGlobalSection
	GlobalSection(ExtensibilityGlobals) = postSolution
		SolutionGuid = {CAF7FE64-E95B-41E0-9558-CBA843B3DDCF}
	EndGlobalSection
EndGlobal
